# This file is automatically @generated by Cargo.
# It is not intended for manual editing.
version = 3

[[package]]
name = "bindgen"
version = "0.69.5"
source = "registry+https://github.com/rust-lang/crates.io-index"
checksum = "271383c67ccabffb7381723dea0672a673f292304fcb45c01cc648c7a8d58088"
dependencies = [
 "bitflags 2.2.1",
 "cexpr",
 "clang-sys",
 "itertools",
 "lazy_static",
 "lazycell",
 "log",
 "prettyplease",
 "proc-macro2",
 "quote",
 "regex",
 "rustc-hash",
 "shlex",
 "syn",
 "which",
]

[[package]]
name = "bitflags"
version = "1.1.0"
source = "registry+https://github.com/rust-lang/crates.io-index"
checksum = "3d155346769a6855b86399e9bc3814ab343cd3d62c7e985113d46a0ec3c281fd"

[[package]]
name = "bitflags"
version = "2.2.1"
source = "registry+https://github.com/rust-lang/crates.io-index"
checksum = "24a6904aef64d73cf10ab17ebace7befb918b82164785cb89907993be7f83813"

[[package]]
name = "byteorder"
version = "1.1.0"
source = "registry+https://github.com/rust-lang/crates.io-index"
checksum = "ff81738b726f5d099632ceaffe7fb65b90212e8dce59d518729e7e8634032d3d"

[[package]]
name = "cexpr"
version = "0.6.0"
source = "registry+https://github.com/rust-lang/crates.io-index"
checksum = "6fac387a98bb7c37292057cffc56d62ecb629900026402633ae9160df93a8766"
dependencies = [
 "nom",
]

[[package]]
name = "cfg-if"
version = "1.0.0"
source = "registry+https://github.com/rust-lang/crates.io-index"
checksum = "baf1de4339761588bc0619e3cbc0120ee582ebb74b53b4efbf79117bd2da40fd"

[[package]]
name = "clang-sys"
version = "1.0.0"
source = "registry+https://github.com/rust-lang/crates.io-index"
checksum = "9da1484c6a890e374ca5086062d4847e0a2c1e5eba9afa5d48c09e8eb39b2519"
dependencies = [
 "glob",
 "libc",
 "libloading",
]

[[package]]
name = "dashmap"
version = "5.1.0"
source = "registry+https://github.com/rust-lang/crates.io-index"
checksum = "c0834a35a3fce649144119e18da2a4d8ed12ef3862f47183fd46f625d072d96c"
dependencies = [
 "cfg-if",
 "num_cpus",
 "parking_lot",
]

[[package]]
name = "either"
version = "1.6.0"
source = "registry+https://github.com/rust-lang/crates.io-index"
checksum = "cd56b59865bce947ac5958779cfa508f6c3b9497cc762b7e24a12d11ccde2c4f"

[[package]]
name = "futures"
version = "0.3.11"
source = "registry+https://github.com/rust-lang/crates.io-index"
checksum = "90fa4cc29d25b0687b8570b0da86eac698dcb525110ad8b938fe6712baa711ec"
dependencies = [
 "futures-channel",
 "futures-core",
 "futures-executor",
 "futures-io",
 "futures-sink",
 "futures-task",
 "futures-util",
]

[[package]]
name = "futures-channel"
version = "0.3.31"
source = "registry+https://github.com/rust-lang/crates.io-index"
checksum = "2dff15bf788c671c1934e366d07e30c1814a8ef514e1af724a602e8a2fbe1b10"
dependencies = [
 "futures-core",
 "futures-sink",
]

[[package]]
name = "futures-core"
version = "0.3.31"
source = "registry+https://github.com/rust-lang/crates.io-index"
checksum = "05f29059c0c2090612e8d742178b0580d2dc940c837851ad723096f87af6663e"

[[package]]
name = "futures-executor"
version = "0.3.11"
source = "registry+https://github.com/rust-lang/crates.io-index"
checksum = "d0cb59f15119671c94cd9cc543dc9a50b8d5edc468b4ff5f0bb8567f66c6b48a"
dependencies = [
 "futures-core",
 "futures-task",
 "futures-util",
]

[[package]]
name = "futures-io"
version = "0.3.31"
source = "registry+https://github.com/rust-lang/crates.io-index"
checksum = "9e5c1b78ca4aae1ac06c48a526a655760685149f0d465d21f37abfe57ce075c6"

[[package]]
name = "futures-sink"
version = "0.3.31"
source = "registry+https://github.com/rust-lang/crates.io-index"
checksum = "e575fab7d1e0dcb8d0c7bcf9a63ee213816ab51902e6d244a95819acacf1d4f7"

[[package]]
name = "futures-task"
version = "0.3.31"
source = "registry+https://github.com/rust-lang/crates.io-index"
checksum = "f90f7dce0722e95104fcb095585910c0977252f286e354b5e3bd38902cd99988"

[[package]]
name = "futures-util"
version = "0.3.31"
source = "registry+https://github.com/rust-lang/crates.io-index"
checksum = "9fa08315bb612088cc391249efdc3bc77536f16c91f6cf495e6fbe85b20a4a81"
dependencies = [
 "futures-channel",
 "futures-core",
 "futures-io",
 "futures-sink",
 "futures-task",
 "memchr",
 "pin-project-lite",
 "pin-utils",
 "slab",
]

[[package]]
name = "glob"
version = "0.3.0"
source = "registry+https://github.com/rust-lang/crates.io-index"
checksum = "9b919933a397b79c37e33b77bb2aa3dc8eb6e165ad809e58ff75bc7db2e34574"

[[package]]
name = "hermit-abi"
version = "0.1.3"
source = "registry+https://github.com/rust-lang/crates.io-index"
checksum = "307c3c9f937f38e3534b1d6447ecf090cafcc9744e4a6360e8b037b2cf5af120"
dependencies = [
 "libc",
]

[[package]]
name = "itertools"
version = "0.10.0"
source = "registry+https://github.com/rust-lang/crates.io-index"
checksum = "37d572918e350e82412fe766d24b15e6682fb2ed2bbe018280caa810397cb319"
dependencies = [
 "either",
]

[[package]]
name = "lazy_static"
version = "1.2.0"
source = "registry+https://github.com/rust-lang/crates.io-index"
checksum = "a374c89b9db55895453a74c1e38861d9deec0b01b405a82516e9d5de4820dea1"

[[package]]
name = "lazycell"
version = "1.0.0"
source = "registry+https://github.com/rust-lang/crates.io-index"
checksum = "d33a48d0365c96081958cc663eef834975cb1e8d8bea3378513fc72bdbf11e50"

[[package]]
name = "libc"
version = "0.2.95"
source = "registry+https://github.com/rust-lang/crates.io-index"
checksum = "789da6d93f1b866ffe175afc5322a4d76c038605a1c3319bb57b06967ca98a36"

[[package]]
name = "libcpc"
version = "0.3.1"
dependencies = [
 "libcpc-sys",
 "more-asserts",
 "num_enum",
 "serial_test",
 "thiserror",
]

[[package]]
name = "libcpc-sys"
version = "0.1.1"
dependencies = [
 "bindgen",
 "num_enum",
 "pkg-config",
]

[[package]]
name = "libloading"
version = "0.6.0"
source = "registry+https://github.com/rust-lang/crates.io-index"
checksum = "2c979a19ffb457f0273965c333053f3d586bf759bf7b683fbebc37f9a9ebedc4"
dependencies = [
 "winapi",
]

[[package]]
name = "lock_api"
version = "0.4.6"
source = "registry+https://github.com/rust-lang/crates.io-index"
checksum = "88943dd7ef4a2e5a4bfa2753aaab3013e34ce2533d1996fb18ef591e315e2b3b"
dependencies = [
 "scopeguard",
]

[[package]]
name = "log"
version = "0.4.20"
source = "registry+https://github.com/rust-lang/crates.io-index"
checksum = "b5e6163cb8c49088c2c36f57875e58ccd8c87c7427f7fbd50ea6710b2f3f2e8f"

[[package]]
name = "memchr"
version = "2.2.0"
source = "registry+https://github.com/rust-lang/crates.io-index"
checksum = "2efc7bc57c883d4a4d6e3246905283d8dae951bb3bd32f49d6ef297f546e1c39"

[[package]]
name = "minimal-lexical"
version = "0.1.2"
source = "registry+https://github.com/rust-lang/crates.io-index"
checksum = "6595bb28ed34f43c3fe088e48f6cfb2e033cab45f25a5384d5fdf564fbc8c4b2"

[[package]]
name = "more-asserts"
version = "0.3.1"
source = "registry+https://github.com/rust-lang/crates.io-index"
checksum = "1fafa6961cabd9c63bcd77a45d7e3b7f3b552b70417831fb0f56db717e72407e"

[[package]]
name = "nom"
version = "7.0.0"
source = "registry+https://github.com/rust-lang/crates.io-index"
checksum = "7ffd9d26838a953b4af82cbeb9f1592c6798916983959be223a7124e992742c1"
dependencies = [
 "memchr",
 "minimal-lexical",
 "version_check",
]

[[package]]
name = "num_cpus"
version = "1.13.1"
source = "registry+https://github.com/rust-lang/crates.io-index"
checksum = "19e64526ebdee182341572e50e9ad03965aa510cd94427a4549448f285e957a1"
dependencies = [
 "hermit-abi",
 "libc",
]

[[package]]
name = "num_enum"
version = "0.7.2"
source = "registry+https://github.com/rust-lang/crates.io-index"
checksum = "02339744ee7253741199f897151b38e72257d13802d4ee837285cc2990a90845"
dependencies = [
 "num_enum_derive",
]

[[package]]
name = "num_enum_derive"
version = "0.7.2"
source = "registry+https://github.com/rust-lang/crates.io-index"
checksum = "681030a937600a36906c185595136d26abfebb4aa9c65701cefcaf8578bb982b"
dependencies = [
 "proc-macro-crate",
 "proc-macro2",
 "quote",
 "syn",
]

[[package]]
name = "parking_lot"
version = "0.12.0"
source = "registry+https://github.com/rust-lang/crates.io-index"
checksum = "87f5ec2493a61ac0506c0f4199f99070cbe83857b0337006a30f3e6719b8ef58"
dependencies = [
 "lock_api",
 "parking_lot_core",
]

[[package]]
name = "parking_lot_core"
version = "0.9.0"
source = "registry+https://github.com/rust-lang/crates.io-index"
checksum = "b2f4f894f3865f6c0e02810fc597300f34dc2510f66400da262d8ae10e75767d"
dependencies = [
 "cfg-if",
 "libc",
 "redox_syscall",
 "smallvec",
 "windows-sys",
]

[[package]]
name = "pin-project-lite"
version = "0.2.6"
source = "registry+https://github.com/rust-lang/crates.io-index"
checksum = "dc0e1f259c92177c30a4c9d177246edd0a3568b25756a977d0632cf8fa37e905"

[[package]]
name = "pin-utils"
version = "0.1.0"
source = "registry+https://github.com/rust-lang/crates.io-index"
checksum = "8b870d8c151b6f2fb93e84a13146138f05d02ed11c7e7c54f8826aaaf7c9f184"

[[package]]
name = "pkg-config"
version = "0.3.29"
source = "registry+https://github.com/rust-lang/crates.io-index"
checksum = "2900ede94e305130c13ddd391e0ab7cbaeb783945ae07a279c268cb05109c6cb"

[[package]]
name = "prettyplease"
version = "0.2.7"
source = "registry+https://github.com/rust-lang/crates.io-index"
checksum = "43ded2b5b204571f065ab8540367d738dfe1b3606ab9eb669dcfb5e7a3a07501"
dependencies = [
 "proc-macro2",
 "syn",
]

[[package]]
name = "proc-macro-crate"
version = "1.0.0"
source = "registry+https://github.com/rust-lang/crates.io-index"
checksum = "41fdbd1df62156fbc5945f4762632564d7d038153091c3fcf1067f6aef7cff92"
dependencies = [
 "thiserror",
 "toml",
]

[[package]]
name = "proc-macro2"
version = "1.0.74"
source = "registry+https://github.com/rust-lang/crates.io-index"
checksum = "2de98502f212cfcea8d0bb305bd0f49d7ebdd75b64ba0a68f937d888f4e0d6db"
dependencies = [
 "unicode-ident",
]

[[package]]
name = "quote"
version = "1.0.35"
source = "registry+https://github.com/rust-lang/crates.io-index"
checksum = "291ec9ab5efd934aaf503a6466c5d5251535d108ee747472c3977cc5acc868ef"
dependencies = [
 "proc-macro2",
]

[[package]]
name = "redox_syscall"
version = "0.2.8"
source = "registry+https://github.com/rust-lang/crates.io-index"
checksum = "742739e41cd49414de871ea5e549afb7e2a3ac77b589bcbebe8c82fab37147fc"
dependencies = [
 "bitflags 1.1.0",
]

[[package]]
name = "regex"
version = "1.5.6"
source = "registry+https://github.com/rust-lang/crates.io-index"
checksum = "d83f127d94bdbcda4c8cc2e50f6f84f4b611f69c902699ca385a39c3a75f9ff1"
dependencies = [
 "regex-syntax",
]

[[package]]
name = "regex-syntax"
version = "0.6.29"
source = "registry+https://github.com/rust-lang/crates.io-index"
checksum = "f162c6dd7b008981e4d40210aca20b4bd0f9b60ca9271061b07f78537722f2e1"

[[package]]
name = "rustc-hash"
version = "1.0.1"
source = "registry+https://github.com/rust-lang/crates.io-index"
checksum = "7540fc8b0c49f096ee9c961cda096467dce8084bec6bdca2fc83895fd9b28cb8"
dependencies = [
 "byteorder",
]

[[package]]
name = "scopeguard"
version = "1.1.0"
source = "registry+https://github.com/rust-lang/crates.io-index"
checksum = "d29ab0c6d3fc0ee92fe66e2d99f700eab17a8d57d1c1d3b748380fb20baa78cd"

[[package]]
name = "serde"
version = "1.0.97"
source = "registry+https://github.com/rust-lang/crates.io-index"
checksum = "d46b3dfedb19360a74316866cef04687cd4d6a70df8e6a506c63512790769b72"

[[package]]
name = "serial_test"
version = "3.0.0"
source = "registry+https://github.com/rust-lang/crates.io-index"
checksum = "953ad9342b3aaca7cb43c45c097dd008d4907070394bd0751a0aa8817e5a018d"
dependencies = [
 "dashmap",
 "futures",
 "lazy_static",
 "log",
 "parking_lot",
 "serial_test_derive",
]

[[package]]
name = "serial_test_derive"
version = "3.0.0"
source = "registry+https://github.com/rust-lang/crates.io-index"
checksum = "b93fb4adc70021ac1b47f7d45e8cc4169baaa7ea58483bc5b721d19a26202212"
dependencies = [
 "proc-macro2",
 "quote",
 "syn",
]

[[package]]
name = "shlex"
version = "1.3.0"
source = "registry+https://github.com/rust-lang/crates.io-index"
checksum = "0fda2ff0d084019ba4d7c6f371c95d8fd75ce3524c3cb8fb653a3023f6323e64"

[[package]]
name = "slab"
version = "0.4.2"
source = "registry+https://github.com/rust-lang/crates.io-index"
checksum = "c111b5bd5695e56cffe5129854aa230b39c93a305372fdbb2668ca2394eea9f8"

[[package]]
name = "smallvec"
version = "1.6.1"
source = "registry+https://github.com/rust-lang/crates.io-index"
checksum = "fe0f37c9e8f3c5a4a66ad655a93c74daac4ad00c441533bf5c6e7990bb42604e"

[[package]]
name = "syn"
version = "2.0.46"
source = "registry+https://github.com/rust-lang/crates.io-index"
checksum = "89456b690ff72fddcecf231caedbe615c59480c93358a93dfae7fc29e3ebbf0e"
dependencies = [
 "proc-macro2",
 "quote",
 "unicode-ident",
]

[[package]]
name = "thiserror"
version = "1.0.56"
source = "registry+https://github.com/rust-lang/crates.io-index"
checksum = "d54378c645627613241d077a3a79db965db602882668f9136ac42af9ecb730ad"
dependencies = [
 "thiserror-impl",
]

[[package]]
name = "thiserror-impl"
version = "1.0.56"
source = "registry+https://github.com/rust-lang/crates.io-index"
checksum = "fa0faa943b50f3db30a20aa7e265dbc66076993efed8463e8de414e5d06d3471"
dependencies = [
 "proc-macro2",
 "quote",
 "syn",
]

[[package]]
name = "toml"
version = "0.5.2"
source = "registry+https://github.com/rust-lang/crates.io-index"
checksum = "a54ae44b0b2c443e7ef6dd3be16a776bae4daa40684f81e15126bc04e7747308"
dependencies = [
 "serde",
]

[[package]]
name = "unicode-ident"
version = "1.0.0"
source = "registry+https://github.com/rust-lang/crates.io-index"
checksum = "d22af068fba1eb5edcb4aea19d382b2a3deb4c8f9d475c589b6ada9e0fd493ee"

[[package]]
name = "version_check"
version = "0.9.0"
source = "registry+https://github.com/rust-lang/crates.io-index"
checksum = "45d3d553fd9413fffe7147a20171d640eda0ad4c070acd7d0c885a21bcd2e8b7"

[[package]]
name = "which"
version = "4.2.2"
source = "registry+https://github.com/rust-lang/crates.io-index"
checksum = "ea187a8ef279bc014ec368c27a920da2024d2a711109bfbe3440585d5cf27ad9"
dependencies = [
 "either",
 "lazy_static",
 "libc",
]

[[package]]
name = "winapi"
version = "0.3.0"
source = "registry+https://github.com/rust-lang/crates.io-index"
checksum = "b3ad91d846a4a5342c1fb7008d26124ee6cf94a3953751618577295373b32117"
dependencies = [
 "winapi-i686-pc-windows-gnu",
 "winapi-x86_64-pc-windows-gnu",
]

[[package]]
name = "winapi-i686-pc-windows-gnu"
version = "0.3.0"
source = "registry+https://github.com/rust-lang/crates.io-index"
checksum = "a16a8e2ebfc883e2b1771c6482b1fb3c6831eab289ba391619a2d93a7356220f"

[[package]]
name = "winapi-x86_64-pc-windows-gnu"
version = "0.3.0"
source = "registry+https://github.com/rust-lang/crates.io-index"
checksum = "8ca29cb03c8ceaf20f8224a18a530938305e9872b1478ea24ff44b4f503a1d1d"

[[package]]
name = "windows-sys"
version = "0.29.0"
source = "registry+https://github.com/rust-lang/crates.io-index"
checksum = "ceb069ac8b2117d36924190469735767f0990833935ab430155e71a44bafe148"
dependencies = [
 "windows_aarch64_msvc",
 "windows_i686_gnu",
 "windows_i686_msvc",
 "windows_x86_64_gnu",
 "windows_x86_64_msvc",
]

[[package]]
name = "windows_aarch64_msvc"
version = "0.29.0"
source = "registry+https://github.com/rust-lang/crates.io-index"
checksum = "c3d027175d00b01e0cbeb97d6ab6ebe03b12330a35786cbaca5252b1c4bf5d9b"

[[package]]
name = "windows_i686_gnu"
version = "0.29.0"
source = "registry+https://github.com/rust-lang/crates.io-index"
checksum = "8793f59f7b8e8b01eda1a652b2697d87b93097198ae85f823b969ca5b89bba58"

[[package]]
name = "windows_i686_msvc"
version = "0.29.0"
source = "registry+https://github.com/rust-lang/crates.io-index"
checksum = "8602f6c418b67024be2996c512f5f995de3ba417f4c75af68401ab8756796ae4"

[[package]]
name = "windows_x86_64_gnu"
version = "0.29.0"
source = "registry+https://github.com/rust-lang/crates.io-index"
checksum = "f3d615f419543e0bd7d2b3323af0d86ff19cbc4f816e6453f36a2c2ce889c354"

[[package]]
name = "windows_x86_64_msvc"
version = "0.29.0"
source = "registry+https://github.com/rust-lang/crates.io-index"
checksum = "11d95421d9ed3672c280884da53201a5c46b7b2765ca6faf34b0d71cf34a3561"
